
Microsoft Visual Studio Solution File, Format Version 12.00
# Visual Studio Version 17
VisualStudioVersion = 17.1.32210.238
MinimumVisualStudioVersion = 10.0.40219.1
Project("{8BC9CEB8-8B4A-11D0-8D11-00A0C91BC942}") = "Kepler", "Kepler\Kepler.vcxproj", "{F6E5E6C6-4F04-48CA-B3A3-5D8CB87DCC45}"
EndProject
Project("{8BC9CEB8-8B4A-11D0-8D11-00A0C91BC942}") = "Client", "Client\Client.vcxproj", "{EF95FB32-51D0-4116-AEA8-590121EDF0B3}"
EndProject
Project("{8BC9CEB8-8B4A-11D0-8D11-00A0C91BC942}") = "UnitTest", "UnitTest\UnitTest.vcxproj", "{46986980-AE7D-4F1D-BC55-84950F060701}"
EndProject
Global
	GlobalSection(SolutionConfigurationPlatforms) = preSolution
		Debug|x64 = Debug|x64
		Debug|x86 = Debug|x86
		Release|x64 = Release|x64
		Release|x86 = Release|x86
	EndGlobalSection
	GlobalSection(ProjectConfigurationPlatforms) = postSolution
		{F6E5E6C6-4F04-48CA-B3A3-5D8CB87DCC45}.Debug|x64.ActiveCfg = Debug|x64
		{F6E5E6C6-4F04-48CA-B3A3-5D8CB87DCC45}.Debug|x64.Build.0 = Debug|x64
		{F6E5E6C6-4F04-48CA-B3A3-5D8CB87DCC45}.Debug|x86.ActiveCfg = Debug|Win32
		{F6E5E6C6-4F04-48CA-B3A3-5D8CB87DCC45}.Debug|x86.Build.0 = Debug|Win32
		{F6E5E6C6-4F04-48CA-B3A3-5D8CB87DCC45}.Release|x64.ActiveCfg = Release|x64
		{F6E5E6C6-4F04-48CA-B3A3-5D8CB87DCC45}.Release|x64.Build.0 = Release|x64
		{F6E5E6C6-4F04-48CA-B3A3-5D8CB87DCC45}.Release|x86.ActiveCfg = Release|Win32
		{F6E5E6C6-4F04-48CA-B3A3-5D8CB87DCC45}.Release|x86.Build.0 = Release|Win32
		{EF95FB32-51D0-4116-AEA8-590121EDF0B3}.Debug|x64.ActiveCfg = Debug|x64
		{EF95FB32-51D0-4116-AEA8-590121EDF0B3}.Debug|x64.Build.0 = Debug|x64
		{EF95FB32-51D0-4116-AEA8-590121EDF0B3}.Debug|x86.ActiveCfg = Debug|Win32
		{EF95FB32-51D0-4116-AEA8-590121EDF0B3}.Debug|x86.Build.0 = Debug|Win32
		{EF95FB32-51D0-4116-AEA8-590121EDF0B3}.Release|x64.ActiveCfg = Release|x64
		{EF95FB32-51D0-4116-AEA8-590121EDF0B3}.Release|x64.Build.0 = Release|x64
		{EF95FB32-51D0-4116-AEA8-590121EDF0B3}.Release|x86.ActiveCfg = Release|Win32
		{EF95FB32-51D0-4116-AEA8-590121EDF0B3}.Release|x86.Build.0 = Release|Win32
		{46986980-AE7D-4F1D-BC55-84950F060701}.Debug|x64.ActiveCfg = Debug|x64
		{46986980-AE7D-4F1D-BC55-84950F060701}.Debug|x64.Build.0 = Debug|x64
		{46986980-AE7D-4F1D-BC55-84950F060701}.Debug|x86.ActiveCfg = Debug|Win32
		{46986980-AE7D-4F1D-BC55-84950F060701}.Debug|x86.Build.0 = Debug|Win32
		{46986980-AE7D-4F1D-BC55-84950F060701}.Release|x64.ActiveCfg = Release|x64
		{46986980-AE7D-4F1D-BC55-84950F060701}.Release|x64.Build.0 = Release|x64
		{46986980-AE7D-4F1D-BC55-84950F060701}.Release|x86.ActiveCfg = Release|Win32
		{46986980-AE7D-4F1D-BC55-84950F060701}.Release|x86.Build.0 = Release|Win32
	EndGlobalSection
	GlobalSection(SolutionProperties) = preSolution
		HideSolutionNode = FALSE
	EndGlobalSection
	GlobalSection(ExtensibilityGlobals) = postSolution
		SolutionGuid = {D649D35F-71C3-464B-883B-705BC5435888}
	EndGlobalSection
EndGlobal
