<?xml version="1.0" encoding="utf-8"?>
<Project ToolsVersion="4.0" xmlns="http://schemas.microsoft.com/developer/msbuild/2003">
  <ItemGroup>
    <ClCompile Include="Core\Audio\Audio.cpp" />
    <ClCompile Include="Core\Application.cpp" />
    <ClCompile Include="Core\Input.cpp" />
    <ClCompile Include="ImGui\ImGuiLayer.cpp" />
    <ClCompile Include="Core\LayerStack.cpp" />
    <ClCompile Include="Core\Log.cpp" />
    <ClCompile Include="ImGui\ImGuiSource\imgui.cpp" />
    <ClCompile Include="ImGui\ImGuiSource\imgui_demo.cpp" />
    <ClCompile Include="ImGui\ImGuiSource\imgui_draw.cpp" />
    <ClCompile Include="ImGui\ImGuiSource\imgui_impl_dx11.cpp" />
    <ClCompile Include="ImGui\ImGuiSource\imgui_impl_win32.cpp" />
    <ClCompile Include="ImGui\ImGuiSource\imgui_tables.cpp" />
    <ClCompile Include="ImGui\ImGuiSource\imgui_widgets.cpp" />
    <ClCompile Include="ImGui\ImPlotSource\implot.cpp" />
    <ClCompile Include="ImGui\ImPlotSource\implot_items.cpp" />
    <ClCompile Include="kepch.cpp" />
    <ClCompile Include="Platform\DirectX11\DX11API.cpp" />
    <ClCompile Include="Platform\DirectX11\DX11Buffer.cpp" />
    <ClCompile Include="Platform\DirectX11\DX11Context.cpp" />
    <ClCompile Include="Platform\DirectX11\DX11FrameBuffer.cpp" />
    <ClCompile Include="Platform\DirectX11\DX11Shader.cpp" />
    <ClCompile Include="Platform\DirectX11\DX11State.cpp" />
    <ClCompile Include="Platform\DirectX11\DX11Texture.cpp" />
    <ClCompile Include="Platform\DirectX11\DX11VertexArray.cpp" />
    <ClCompile Include="Platform\Win32\WinAPI.cpp" />
    <ClCompile Include="Platform\Windows\WindowsWindow.cpp" />
    <ClCompile Include="Core\Renderer\Buffer.cpp" />
    <ClCompile Include="Core\Renderer\EditorCamera.cpp" />
    <ClCompile Include="Core\Renderer\FrameBuffer.cpp" />
    <ClCompile Include="Core\Renderer\GraphicsContext.cpp" />
    <ClCompile Include="Core\Renderer\GraphicsAPI.cpp" />
    <ClCompile Include="Core\Renderer\OrthographicCamera.cpp" />
    <ClCompile Include="Core\Renderer\PerspectiveCamera.cpp" />
    <ClCompile Include="Core\Renderer\RenderLog.cpp" />
    <ClCompile Include="Core\Renderer\RenderProfiler.cpp" />
    <ClCompile Include="Core\Renderer\Renderer.cpp" />
    <ClCompile Include="Core\Renderer\Renderer2D.cpp" />
    <ClCompile Include="Core\Renderer\RenderState.cpp" />
    <ClCompile Include="Core\Renderer\Shader.cpp" />
    <ClCompile Include="Core\Renderer\Texture.cpp" />
    <ClCompile Include="Core\Renderer\VertexArray.cpp" />
    <ClCompile Include="Utility\Random.cpp" />
    <ClCompile Include="Utility\StringUtility.cpp" />
    <ClCompile Include="Core\Renderer\Sampler.cpp" />
    <ClCompile Include="Platform\DirectX11\DX11Sampler.cpp" />
    <ClCompile Include="Core\Scene\Scene.cpp" />
    <ClCompile Include="Core\Scene\Entity.cpp" />
    <ClCompile Include="Core\UUID.cpp" />
    <ClCompile Include="Core\Scene\ComponentType.cpp" />
    <ClCompile Include="Platform\DirectX11\DX11Debug.cpp" />
    <ClCompile Include="Platform\Vulkan\VulkanAPI.cpp" />
    <ClCompile Include="Platform\Vulkan\VulkanContext.cpp" />
    <ClCompile Include="Platform\Vulkan\VulkanDebug.cpp" />
    <ClCompile Include="Platform\Vulkan\VulkanState.cpp" />
  </ItemGroup>
  <ItemGroup>
    <ClInclude Include="Core\Audio\Audio.h" />
    <ClInclude Include="Core\Audio\AudioSource.hpp" />
    <ClInclude Include="Core\Application.h" />
    <ClInclude Include="Core\Assertion.h" />
    <ClInclude Include="Core\Base.h" />
    <ClInclude Include="Core\EntryPoint.h" />
    <ClInclude Include="Core\Event\ApplicationEvent.hpp" />
    <ClInclude Include="Core\Event\Event.hpp" />
    <ClInclude Include="Core\Event\KeyEvent.hpp" />
    <ClInclude Include="Core\Event\MouseEvent.hpp" />
    <ClInclude Include="Core\Input.h" />
    <ClInclude Include="Core\InputCode.h" />
    <ClInclude Include="Core\Layer.hpp" />
    <ClInclude Include="Core\LayerStack.h" />
    <ClInclude Include="Core\Log.h" />
    <ClInclude Include="Dependencies\stbimage\stb_image.h" />
    <ClInclude Include="Platform\DirectX11\DX11Buffer.h" />
    <ClInclude Include="Platform\DirectX11\DX11Context.h" />
    <ClInclude Include="Platform\DirectX11\DX11API.h" />
    <ClInclude Include="Platform\DirectX11\DX11FrameBuffer.h" />
    <ClInclude Include="Platform\DirectX11\DX11Shader.h" />
    <ClInclude Include="Platform\DirectX11\DX11State.h" />
    <ClInclude Include="Platform\DirectX11\DX11Texture.h" />
    <ClInclude Include="Platform\DirectX11\DX11VertexArray.h" />
    <ClInclude Include="Core\Renderer\Buffer.h" />
    <ClInclude Include="Core\Renderer\Camera.hpp" />
    <ClInclude Include="Core\Renderer\EditorCamera.h" />
    <ClInclude Include="Core\Renderer\FrameBuffer.h" />
    <ClInclude Include="Core\Renderer\GraphicsAPI.h" />
    <ClInclude Include="Core\Renderer\GraphicsContext.h" />
    <ClInclude Include="Core\Window.h" />
    <ClInclude Include="framework.h" />
    <ClInclude Include="ImGui\ImGuiLayer.h" />
    <ClInclude Include="kepch.h" />
    <ClInclude Include="Kepler.h" />
    <ClInclude Include="Platform\Win32\WinAPI.h" />
    <ClInclude Include="Platform\Windows\WindowsWindow.h" />
    <ClInclude Include="Core\Renderer\OrthographicCamera.h" />
    <ClInclude Include="Core\Renderer\RenderLog.h" />
    <ClInclude Include="Core\Renderer\RenderProfiler.h" />
    <ClInclude Include="Core\Renderer\PerspectiveCamera.h" />
    <ClInclude Include="Core\Renderer\Renderer.h" />
    <ClInclude Include="Core\Renderer\Renderer2D.h" />
    <ClInclude Include="Core\Renderer\RenderState.h" />
    <ClInclude Include="Core\Renderer\Shader.h" />
    <ClInclude Include="Core\Renderer\Texture.h" />
    <ClInclude Include="Core\Renderer\VertexArray.h" />
    <ClInclude Include="Resource.h" />
    <ClInclude Include="targetver.h" />
    <ClInclude Include="Utility\Random.hpp" />
    <ClInclude Include="Utility\StringUtility.h" />
    <ClInclude Include="Utility\Timer.hpp" />
    <ClInclude Include="Core\Renderer\Sampler.h" />
    <ClInclude Include="Platform\DirectX11\DX11Sampler.h" />
    <ClInclude Include="Core\UUID.h" />
    <ClInclude Include="Core\Scene\Scene.h" />
    <ClInclude Include="Core\Scene\Component.hpp" />
    <ClInclude Include="Core\Scene\Entity.hpp" />
    <ClInclude Include="Core\Scene\ComponentType.h" />
    <ClInclude Include="Core\Scene\ScriptableEntity.h" />
    <ClInclude Include="Platform\DirectX11\DX11Debug.h" />
    <ClInclude Include="Platform\Vulkan\VulkanAPI.h" />
    <ClInclude Include="Platform\Vulkan\VulkanContext.h" />
    <ClInclude Include="Platform\Vulkan\VulkanDebug.h" />
    <ClInclude Include="Platform\Vulkan\VulkanState.h" />
  </ItemGroup>
  <ItemGroup>
    <ResourceCompile Include="Kepler.rc" />
  </ItemGroup>
  <ItemGroup>
    <Image Include="Kepler.ico" />
    <Image Include="small.ico" />
  </ItemGroup>
</Project>